
Microsoft Visual Studio Solution File, Format Version 12.00
# Visual Studio Version 16
VisualStudioVersion = 16.0.30204.135
MinimumVisualStudioVersion = 10.0.40219.1
Project("{2150E333-8FDC-42A3-9474-1A3956D46DE8}") = "00 - Domain", "00 - Domain", "{D8AA137A-6E9E-402C-A867-54499F2E92A4}"
EndProject
Project("{2150E333-8FDC-42A3-9474-1A3956D46DE8}") = "01 - Entity Framework", "01 - Entity Framework", "{38356E3B-5A1B-4613-882A-25B0E720E80B}"
EndProject
Project("{2150E333-8FDC-42A3-9474-1A3956D46DE8}") = "Solution Items", "Solution Items", "{1034A034-1EA2-48CE-9CFD-44C855BDBFEE}"
	ProjectSection(SolutionItems) = preProject
		LICENSE = LICENSE
		NetCoreApiExtensions_EntityFramework_icon.png = NetCoreApiExtensions_EntityFramework_icon.png
		NetCoreApiExtensions_EntityFramework_Relational_icon.png = NetCoreApiExtensions_EntityFramework_Relational_icon.png
		NetCoreApiExtensions_Shared_icon.png = NetCoreApiExtensions_Shared_icon.png
		NetCoreApiExtensions_WebApi_icon.png = NetCoreApiExtensions_WebApi_icon.png
	EndProjectSection
EndProject
Project("{9A19103F-16F7-4668-BE54-9A1E7A4F7556}") = "NetCoreApiExtensions.Shared", "NetCoreApiExtensions.Shared\NetCoreApiExtensions.Shared.csproj", "{9CC5AE97-1090-497B-9304-EE6199D86286}"
EndProject
Project("{9A19103F-16F7-4668-BE54-9A1E7A4F7556}") = "NetCoreApiExtensions.EntityFramework", "NetCoreApiExtensions.EntityFramework\NetCoreApiExtensions.EntityFramework.csproj", "{D771371C-5C5D-4A71-8332-5EA8A24A60C8}"
EndProject
Project("{9A19103F-16F7-4668-BE54-9A1E7A4F7556}") = "NetCoreApiExtensions.EntityFramework.Relational", "NetCoreApiExtensions.EntityFramework.Relational\NetCoreApiExtensions.EntityFramework.Relational.csproj", "{E128C085-DF2F-47D0-AA8C-B37BF20601B5}"
EndProject
Project("{2150E333-8FDC-42A3-9474-1A3956D46DE8}") = "02 - API", "02 - API", "{A4C51428-F856-43ED-B733-74C5A664E54B}"
EndProject
Project("{FAE04EC0-301F-11D3-BF4B-00C04F79EFBC}") = "NetCoreApiExtensions.WebApi", "NetCoreApiExtensions.WebApi\NetCoreApiExtensions.WebApi.csproj", "{C9DC77DB-5626-4B11-8F8F-32A737799276}"
EndProject
Global
	GlobalSection(SolutionConfigurationPlatforms) = preSolution
		Debug|Any CPU = Debug|Any CPU
		Release|Any CPU = Release|Any CPU
	EndGlobalSection
	GlobalSection(ProjectConfigurationPlatforms) = postSolution
		{9CC5AE97-1090-497B-9304-EE6199D86286}.Debug|Any CPU.ActiveCfg = Debug|Any CPU
		{9CC5AE97-1090-497B-9304-EE6199D86286}.Debug|Any CPU.Build.0 = Debug|Any CPU
		{9CC5AE97-1090-497B-9304-EE6199D86286}.Release|Any CPU.ActiveCfg = Release|Any CPU
		{9CC5AE97-1090-497B-9304-EE6199D86286}.Release|Any CPU.Build.0 = Release|Any CPU
		{D771371C-5C5D-4A71-8332-5EA8A24A60C8}.Debug|Any CPU.ActiveCfg = Debug|Any CPU
		{D771371C-5C5D-4A71-8332-5EA8A24A60C8}.Debug|Any CPU.Build.0 = Debug|Any CPU
		{D771371C-5C5D-4A71-8332-5EA8A24A60C8}.Release|Any CPU.ActiveCfg = Release|Any CPU
		{D771371C-5C5D-4A71-8332-5EA8A24A60C8}.Release|Any CPU.Build.0 = Release|Any CPU
		{E128C085-DF2F-47D0-AA8C-B37BF20601B5}.Debug|Any CPU.ActiveCfg = Debug|Any CPU
		{E128C085-DF2F-47D0-AA8C-B37BF20601B5}.Debug|Any CPU.Build.0 = Debug|Any CPU
		{E128C085-DF2F-47D0-AA8C-B37BF20601B5}.Release|Any CPU.ActiveCfg = Release|Any CPU
		{E128C085-DF2F-47D0-AA8C-B37BF20601B5}.Release|Any CPU.Build.0 = Release|Any CPU
		{C9DC77DB-5626-4B11-8F8F-32A737799276}.Debug|Any CPU.ActiveCfg = Debug|Any CPU
		{C9DC77DB-5626-4B11-8F8F-32A737799276}.Debug|Any CPU.Build.0 = Debug|Any CPU
		{C9DC77DB-5626-4B11-8F8F-32A737799276}.Release|Any CPU.ActiveCfg = Release|Any CPU
		{C9DC77DB-5626-4B11-8F8F-32A737799276}.Release|Any CPU.Build.0 = Release|Any CPU
	EndGlobalSection
	GlobalSection(SolutionProperties) = preSolution
		HideSolutionNode = FALSE
	EndGlobalSection
	GlobalSection(NestedProjects) = preSolution
		{9CC5AE97-1090-497B-9304-EE6199D86286} = {D8AA137A-6E9E-402C-A867-54499F2E92A4}
		{D771371C-5C5D-4A71-8332-5EA8A24A60C8} = {38356E3B-5A1B-4613-882A-25B0E720E80B}
		{E128C085-DF2F-47D0-AA8C-B37BF20601B5} = {38356E3B-5A1B-4613-882A-25B0E720E80B}
		{C9DC77DB-5626-4B11-8F8F-32A737799276} = {A4C51428-F856-43ED-B733-74C5A664E54B}
	EndGlobalSection
	GlobalSection(ExtensibilityGlobals) = postSolution
		SolutionGuid = {5D81F7C5-0C31-4601-B172-BE0E0FD17036}
	EndGlobalSection
EndGlobal
